
Microsoft Visual Studio Solution File, Format Version 12.00
# Visual Studio Version 16
VisualStudioVersion = 16.0.29020.237
MinimumVisualStudioVersion = 10.0.40219.1
Project("{FAE04EC0-301F-11D3-BF4B-00C04F79EFBC}") = "経済指標Viewer", "経済指標Viewer\経済指標Viewer.csproj", "{434F69CD-A878-428A-88BE-23E1E16F2642}"
EndProject
Global
	GlobalSection(SolutionConfigurationPlatforms) = preSolution
		Debug|Any CPU = Debug|Any CPU
		Release|Any CPU = Release|Any CPU
	EndGlobalSection
	GlobalSection(ProjectConfigurationPlatforms) = postSolution
		{434F69CD-A878-428A-88BE-23E1E16F2642}.Debug|Any CPU.ActiveCfg = Debug|Any CPU
		{434F69CD-A878-428A-88BE-23E1E16F2642}.Debug|Any CPU.Build.0 = Debug|Any CPU
		{434F69CD-A878-428A-88BE-23E1E16F2642}.Release|Any CPU.ActiveCfg = Release|Any CPU
		{434F69CD-A878-428A-88BE-23E1E16F2642}.Release|Any CPU.Build.0 = Release|Any CPU
	EndGlobalSection
	GlobalSection(SolutionProperties) = preSolution
		HideSolutionNode = FALSE
	EndGlobalSection
	GlobalSection(ExtensibilityGlobals) = postSolution
		SolutionGuid = {24FA5C4C-8AD1-4BD2-9236-CC54CCC272C9}
	EndGlobalSection
EndGlobal
